
Microsoft Visual Studio Solution File, Format Version 12.00
# Visual Studio Version 17
VisualStudioVersion = 17.11.35327.3
MinimumVisualStudioVersion = 10.0.40219.1
Project("{FAE04EC0-301F-11D3-BF4B-00C04F79EFBC}") = "Mouse", "Mouse\Mouse.csproj", "{94216400-44A3-41EA-B603-1C8773ECEAC1}"
EndProject
Global
	GlobalSection(SolutionConfigurationPlatforms) = preSolution
		Debug|Any CPU = Debug|Any CPU
		Release|Any CPU = Release|Any CPU
	EndGlobalSection
	GlobalSection(ProjectConfigurationPlatforms) = postSolution
		{94216400-44A3-41EA-B603-1C8773ECEAC1}.Debug|Any CPU.ActiveCfg = Debug|Any CPU
		{94216400-44A3-41EA-B603-1C8773ECEAC1}.Debug|Any CPU.Build.0 = Debug|Any CPU
		{94216400-44A3-41EA-B603-1C8773ECEAC1}.Release|Any CPU.ActiveCfg = Release|Any CPU
		{94216400-44A3-41EA-B603-1C8773ECEAC1}.Release|Any CPU.Build.0 = Release|Any CPU
	EndGlobalSection
	GlobalSection(SolutionProperties) = preSolution
		HideSolutionNode = FALSE
	EndGlobalSection
	GlobalSection(ExtensibilityGlobals) = postSolution
		SolutionGuid = {A6F3049B-4180-44B6-ACD2-E9A65E83D5B2}
	EndGlobalSection
EndGlobal
